
Microsoft Visual Studio Solution File, Format Version 12.00
# Visual Studio 15
Project("{FAE04EC0-301F-11D3-BF4B-00C04F79EFBC}") = "Assembly-CSharp", "Assembly-CSharp.csproj", "{C125ECA8-E39E-3D3E-9153-3EDD9AED2810}"
EndProject
Project("{FAE04EC0-301F-11D3-BF4B-00C04F79EFBC}") = "NavMeshComponentsTestsPlaymode", "NavMeshComponentsTestsPlaymode.csproj", "{F0E9C883-24D3-F9A4-965B-2C01723DD606}"
EndProject
Project("{FAE04EC0-301F-11D3-BF4B-00C04F79EFBC}") = "NavMeshComponentsExamples", "NavMeshComponentsExamples.csproj", "{E69844FB-FDEB-103F-24D9-EB4981515FB2}"
EndProject
Project("{FAE04EC0-301F-11D3-BF4B-00C04F79EFBC}") = "Assembly-CSharp-firstpass", "Assembly-CSharp-firstpass.csproj", "{D1EBF7FC-F6B9-C5C8-9A1E-8EE77604B76B}"
EndProject
Project("{FAE04EC0-301F-11D3-BF4B-00C04F79EFBC}") = "NavMeshComponents", "NavMeshComponents.csproj", "{5A89C100-E9FA-2CB1-29FA-03A7739DA62D}"
EndProject
Project("{FAE04EC0-301F-11D3-BF4B-00C04F79EFBC}") = "Assembly-CSharp-Editor", "Assembly-CSharp-Editor.csproj", "{E3968885-67C9-CA08-C2C5-8CAE5466FDE3}"
EndProject
Project("{FAE04EC0-301F-11D3-BF4B-00C04F79EFBC}") = "NavMeshComponentsTestsEditmode", "NavMeshComponentsTestsEditmode.csproj", "{5B499790-D80E-BA25-C648-432E85B67E88}"
EndProject
Project("{FAE04EC0-301F-11D3-BF4B-00C04F79EFBC}") = "NavMeshComponentsEditor", "NavMeshComponentsEditor.csproj", "{A04599F8-43A2-4AD4-E482-2D06756CCE7D}"
EndProject
Project("{FAE04EC0-301F-11D3-BF4B-00C04F79EFBC}") = "NavMeshComponentsExamplesEditor", "NavMeshComponentsExamplesEditor.csproj", "{F69D3C92-2EEC-1562-EAA8-2AD3F04033A4}"
EndProject
Global
	GlobalSection(SolutionConfigurationPlatforms) = preSolution
		Debug|Any CPU = Debug|Any CPU
		Release|Any CPU = Release|Any CPU
	EndGlobalSection
	GlobalSection(ProjectConfigurationPlatforms) = postSolution
		{C125ECA8-E39E-3D3E-9153-3EDD9AED2810}.Debug|Any CPU.ActiveCfg = Debug|Any CPU
		{C125ECA8-E39E-3D3E-9153-3EDD9AED2810}.Debug|Any CPU.Build.0 = Debug|Any CPU
		{C125ECA8-E39E-3D3E-9153-3EDD9AED2810}.Release|Any CPU.ActiveCfg = Release|Any CPU
		{C125ECA8-E39E-3D3E-9153-3EDD9AED2810}.Release|Any CPU.Build.0 = Release|Any CPU
		{F0E9C883-24D3-F9A4-965B-2C01723DD606}.Debug|Any CPU.ActiveCfg = Debug|Any CPU
		{F0E9C883-24D3-F9A4-965B-2C01723DD606}.Debug|Any CPU.Build.0 = Debug|Any CPU
		{F0E9C883-24D3-F9A4-965B-2C01723DD606}.Release|Any CPU.ActiveCfg = Release|Any CPU
		{F0E9C883-24D3-F9A4-965B-2C01723DD606}.Release|Any CPU.Build.0 = Release|Any CPU
		{E69844FB-FDEB-103F-24D9-EB4981515FB2}.Debug|Any CPU.ActiveCfg = Debug|Any CPU
		{E69844FB-FDEB-103F-24D9-EB4981515FB2}.Debug|Any CPU.Build.0 = Debug|Any CPU
		{E69844FB-FDEB-103F-24D9-EB4981515FB2}.Release|Any CPU.ActiveCfg = Release|Any CPU
		{E69844FB-FDEB-103F-24D9-EB4981515FB2}.Release|Any CPU.Build.0 = Release|Any CPU
		{D1EBF7FC-F6B9-C5C8-9A1E-8EE77604B76B}.Debug|Any CPU.ActiveCfg = Debug|Any CPU
		{D1EBF7FC-F6B9-C5C8-9A1E-8EE77604B76B}.Debug|Any CPU.Build.0 = Debug|Any CPU
		{D1EBF7FC-F6B9-C5C8-9A1E-8EE77604B76B}.Release|Any CPU.ActiveCfg = Release|Any CPU
		{D1EBF7FC-F6B9-C5C8-9A1E-8EE77604B76B}.Release|Any CPU.Build.0 = Release|Any CPU
		{5A89C100-E9FA-2CB1-29FA-03A7739DA62D}.Debug|Any CPU.ActiveCfg = Debug|Any CPU
		{5A89C100-E9FA-2CB1-29FA-03A7739DA62D}.Debug|Any CPU.Build.0 = Debug|Any CPU
		{5A89C100-E9FA-2CB1-29FA-03A7739DA62D}.Release|Any CPU.ActiveCfg = Release|Any CPU
		{5A89C100-E9FA-2CB1-29FA-03A7739DA62D}.Release|Any CPU.Build.0 = Release|Any CPU
		{E3968885-67C9-CA08-C2C5-8CAE5466FDE3}.Debug|Any CPU.ActiveCfg = Debug|Any CPU
		{E3968885-67C9-CA08-C2C5-8CAE5466FDE3}.Debug|Any CPU.Build.0 = Debug|Any CPU
		{E3968885-67C9-CA08-C2C5-8CAE5466FDE3}.Release|Any CPU.ActiveCfg = Release|Any CPU
		{E3968885-67C9-CA08-C2C5-8CAE5466FDE3}.Release|Any CPU.Build.0 = Release|Any CPU
		{5B499790-D80E-BA25-C648-432E85B67E88}.Debug|Any CPU.ActiveCfg = Debug|Any CPU
		{5B499790-D80E-BA25-C648-432E85B67E88}.Debug|Any CPU.Build.0 = Debug|Any CPU
		{5B499790-D80E-BA25-C648-432E85B67E88}.Release|Any CPU.ActiveCfg = Release|Any CPU
		{5B499790-D80E-BA25-C648-432E85B67E88}.Release|Any CPU.Build.0 = Release|Any CPU
		{A04599F8-43A2-4AD4-E482-2D06756CCE7D}.Debug|Any CPU.ActiveCfg = Debug|Any CPU
		{A04599F8-43A2-4AD4-E482-2D06756CCE7D}.Debug|Any CPU.Build.0 = Debug|Any CPU
		{A04599F8-43A2-4AD4-E482-2D06756CCE7D}.Release|Any CPU.ActiveCfg = Release|Any CPU
		{A04599F8-43A2-4AD4-E482-2D06756CCE7D}.Release|Any CPU.Build.0 = Release|Any CPU
		{F69D3C92-2EEC-1562-EAA8-2AD3F04033A4}.Debug|Any CPU.ActiveCfg = Debug|Any CPU
		{F69D3C92-2EEC-1562-EAA8-2AD3F04033A4}.Debug|Any CPU.Build.0 = Debug|Any CPU
		{F69D3C92-2EEC-1562-EAA8-2AD3F04033A4}.Release|Any CPU.ActiveCfg = Release|Any CPU
		{F69D3C92-2EEC-1562-EAA8-2AD3F04033A4}.Release|Any CPU.Build.0 = Release|Any CPU
	EndGlobalSection
	GlobalSection(SolutionProperties) = preSolution
		HideSolutionNode = FALSE
	EndGlobalSection
EndGlobal
